
Microsoft Visual Studio Solution File, Format Version 12.00
# Visual Studio Version 16
VisualStudioVersion = 16.0.31613.86
MinimumVisualStudioVersion = 10.0.40219.1
Project("{FAE04EC0-301F-11D3-BF4B-00C04F79EFBC}") = "Asignment1", "Asignment1.csproj", "{F08C8BA5-A671-4565-807B-F6E8FE5E1BF9}"
EndProject
Global
	GlobalSection(SolutionConfigurationPlatforms) = preSolution
		Debug|Any CPU = Debug|Any CPU
		Release|Any CPU = Release|Any CPU
	EndGlobalSection
	GlobalSection(ProjectConfigurationPlatforms) = postSolution
		{F08C8BA5-A671-4565-807B-F6E8FE5E1BF9}.Debug|Any CPU.ActiveCfg = Debug|Any CPU
		{F08C8BA5-A671-4565-807B-F6E8FE5E1BF9}.Debug|Any CPU.Build.0 = Debug|Any CPU
		{F08C8BA5-A671-4565-807B-F6E8FE5E1BF9}.Release|Any CPU.ActiveCfg = Release|Any CPU
		{F08C8BA5-A671-4565-807B-F6E8FE5E1BF9}.Release|Any CPU.Build.0 = Release|Any CPU
	EndGlobalSection
	GlobalSection(SolutionProperties) = preSolution
		HideSolutionNode = FALSE
	EndGlobalSection
	GlobalSection(ExtensibilityGlobals) = postSolution
		SolutionGuid = {45D561C9-03C3-4B1C-99E5-4E40D9080824}
	EndGlobalSection
EndGlobal
